// !$*UTF8*$!
{
	archiveVersion = 1;
	classes = {
	};
	objectVersion = 46;
	objects = {

/* Begin PBXBuildFile section */
		A003B1CF1CB6DA4E00C0030F /* IObject.cpp in Sources */ = {isa = PBXBuildFile; fileRef = A003B1CE1CB6DA4E00C0030F /* IObject.cpp */; };
		A003B1D21CB6DA8D00C0030F /* Triangle.cpp in Sources */ = {isa = PBXBuildFile; fileRef = A003B1D01CB6DA8D00C0030F /* Triangle.cpp */; };
		A003B1D51CB6EB7900C0030F /* Plane.cpp in Sources */ = {isa = PBXBuildFile; fileRef = A003B1D31CB6EB7900C0030F /* Plane.cpp */; };
		A003B1D91CB79B5B00C0030F /* Sun.cpp in Sources */ = {isa = PBXBuildFile; fileRef = A003B1D71CB79B5B00C0030F /* Sun.cpp */; };
		A003B1DC1CB7A11A00C0030F /* RGB.cpp in Sources */ = {isa = PBXBuildFile; fileRef = A003B1DA1CB7A11A00C0030F /* RGB.cpp */; };
		A003B1E31CB7A92E00C0030F /* XYZ.cpp in Sources */ = {isa = PBXBuildFile; fileRef = A003B1E11CB7A92E00C0030F /* XYZ.cpp */; };
		A003B1E61CB7B8A400C0030F /* LAB.cpp in Sources */ = {isa = PBXBuildFile; fileRef = A003B1E41CB7B8A400C0030F /* LAB.cpp */; };
		A003B1E91CB96A5E00C0030F /* Sphere.cpp in Sources */ = {isa = PBXBuildFile; fileRef = A003B1E71CB96A5E00C0030F /* Sphere.cpp */; };
		A0319BDD1CC3DFCB00EBC310 /* Box.cpp in Sources */ = {isa = PBXBuildFile; fileRef = A0319BDB1CC3DFCB00EBC310 /* Box.cpp */; };
		A0319BE11CC3E8CC00EBC310 /* KDTree.cpp in Sources */ = {isa = PBXBuildFile; fileRef = A0319BDF1CC3E8CC00EBC310 /* KDTree.cpp */; };
		A0319BE51CC41C2200EBC310 /* Ray.cpp in Sources */ = {isa = PBXBuildFile; fileRef = A0319BE31CC41C2200EBC310 /* Ray.cpp */; };
		A0AD06471CBB8AD800F87734 /* Quadrangle.cpp in Sources */ = {isa = PBXBuildFile; fileRef = A0AD06451CBB8AD800F87734 /* Quadrangle.cpp */; };
		A0CF8F921CB690C8001F1AB3 /* main.cpp in Sources */ = {isa = PBXBuildFile; fileRef = A0CF8F911CB690C8001F1AB3 /* main.cpp */; };
		A0CF8F9A1CB690EA001F1AB3 /* Point3D.cpp in Sources */ = {isa = PBXBuildFile; fileRef = A0CF8F991CB690EA001F1AB3 /* Point3D.cpp */; };
		A0CF8F9C1CB691AA001F1AB3 /* libcairo.2.dylib in Frameworks */ = {isa = PBXBuildFile; fileRef = A0CF8F9B1CB691AA001F1AB3 /* libcairo.2.dylib */; };
/* End PBXBuildFile section */

/* Begin PBXCopyFilesBuildPhase section */
		A0CF8F8C1CB690C8001F1AB3 /* CopyFiles */ = {
			isa = PBXCopyFilesBuildPhase;
			buildActionMask = 2147483647;
			dstPath = /usr/share/man/man1/;
			dstSubfolderSpec = 0;
			files = (
			);
			runOnlyForDeploymentPostprocessing = 1;
		};
/* End PBXCopyFilesBuildPhase section */

/* Begin PBXFileReference section */
		A003B1CD1CB6D78E00C0030F /* IObject.hpp */ = {isa = PBXFileReference; lastKnownFileType = sourcecode.cpp.h; path = IObject.hpp; sourceTree = "<group>"; };
		A003B1CE1CB6DA4E00C0030F /* IObject.cpp */ = {isa = PBXFileReference; fileEncoding = 4; lastKnownFileType = sourcecode.cpp.cpp; path = IObject.cpp; sourceTree = "<group>"; };
		A003B1D01CB6DA8D00C0030F /* Triangle.cpp */ = {isa = PBXFileReference; fileEncoding = 4; lastKnownFileType = sourcecode.cpp.cpp; path = Triangle.cpp; sourceTree = "<group>"; };
		A003B1D11CB6DA8D00C0030F /* Triangle.hpp */ = {isa = PBXFileReference; fileEncoding = 4; lastKnownFileType = sourcecode.cpp.h; path = Triangle.hpp; sourceTree = "<group>"; };
		A003B1D31CB6EB7900C0030F /* Plane.cpp */ = {isa = PBXFileReference; fileEncoding = 4; lastKnownFileType = sourcecode.cpp.cpp; path = Plane.cpp; sourceTree = "<group>"; };
		A003B1D41CB6EB7900C0030F /* Plane.hpp */ = {isa = PBXFileReference; fileEncoding = 4; lastKnownFileType = sourcecode.cpp.h; path = Plane.hpp; sourceTree = "<group>"; };
		A003B1D61CB6FA6C00C0030F /* input.txt */ = {isa = PBXFileReference; lastKnownFileType = text; name = input.txt; path = "../../../Library/Developer/Xcode/DerivedData/RayTracer-eumucvdvscjabdevzzjiqvdctqey/Build/Products/Debug/input.txt"; sourceTree = "<group>"; };
		A003B1D71CB79B5B00C0030F /* Sun.cpp */ = {isa = PBXFileReference; fileEncoding = 4; lastKnownFileType = sourcecode.cpp.cpp; path = Sun.cpp; sourceTree = "<group>"; };
		A003B1D81CB79B5B00C0030F /* Sun.hpp */ = {isa = PBXFileReference; fileEncoding = 4; lastKnownFileType = sourcecode.cpp.h; path = Sun.hpp; sourceTree = "<group>"; };
		A003B1DA1CB7A11A00C0030F /* RGB.cpp */ = {isa = PBXFileReference; fileEncoding = 4; lastKnownFileType = sourcecode.cpp.cpp; path = RGB.cpp; sourceTree = "<group>"; };
		A003B1DB1CB7A11A00C0030F /* RGB.hpp */ = {isa = PBXFileReference; fileEncoding = 4; lastKnownFileType = sourcecode.cpp.h; path = RGB.hpp; sourceTree = "<group>"; };
		A003B1DD1CB7A82B00C0030F /* Color.hpp */ = {isa = PBXFileReference; lastKnownFileType = sourcecode.cpp.h; path = Color.hpp; sourceTree = "<group>"; };
		A003B1E11CB7A92E00C0030F /* XYZ.cpp */ = {isa = PBXFileReference; fileEncoding = 4; lastKnownFileType = sourcecode.cpp.cpp; path = XYZ.cpp; sourceTree = "<group>"; };
		A003B1E21CB7A92E00C0030F /* XYZ.hpp */ = {isa = PBXFileReference; fileEncoding = 4; lastKnownFileType = sourcecode.cpp.h; path = XYZ.hpp; sourceTree = "<group>"; };
		A003B1E41CB7B8A400C0030F /* LAB.cpp */ = {isa = PBXFileReference; fileEncoding = 4; lastKnownFileType = sourcecode.cpp.cpp; path = LAB.cpp; sourceTree = "<group>"; };
		A003B1E51CB7B8A400C0030F /* LAB.hpp */ = {isa = PBXFileReference; fileEncoding = 4; lastKnownFileType = sourcecode.cpp.h; path = LAB.hpp; sourceTree = "<group>"; };
		A003B1E71CB96A5E00C0030F /* Sphere.cpp */ = {isa = PBXFileReference; fileEncoding = 4; lastKnownFileType = sourcecode.cpp.cpp; path = Sphere.cpp; sourceTree = "<group>"; };
		A003B1E81CB96A5E00C0030F /* Sphere.hpp */ = {isa = PBXFileReference; fileEncoding = 4; lastKnownFileType = sourcecode.cpp.h; path = Sphere.hpp; sourceTree = "<group>"; };
		A0319BDB1CC3DFCB00EBC310 /* Box.cpp */ = {isa = PBXFileReference; fileEncoding = 4; lastKnownFileType = sourcecode.cpp.cpp; path = Box.cpp; sourceTree = "<group>"; };
		A0319BDC1CC3DFCB00EBC310 /* Box.hpp */ = {isa = PBXFileReference; fileEncoding = 4; lastKnownFileType = sourcecode.cpp.h; path = Box.hpp; sourceTree = "<group>"; };
		A0319BDF1CC3E8CC00EBC310 /* KDTree.cpp */ = {isa = PBXFileReference; fileEncoding = 4; lastKnownFileType = sourcecode.cpp.cpp; path = KDTree.cpp; sourceTree = "<group>"; };
		A0319BE01CC3E8CC00EBC310 /* KDTree.hpp */ = {isa = PBXFileReference; fileEncoding = 4; lastKnownFileType = sourcecode.cpp.h; path = KDTree.hpp; sourceTree = "<group>"; };
		A0319BE31CC41C2200EBC310 /* Ray.cpp */ = {isa = PBXFileReference; fileEncoding = 4; lastKnownFileType = sourcecode.cpp.cpp; path = Ray.cpp; sourceTree = "<group>"; };
		A0319BE41CC41C2200EBC310 /* Ray.hpp */ = {isa = PBXFileReference; fileEncoding = 4; lastKnownFileType = sourcecode.cpp.h; path = Ray.hpp; sourceTree = "<group>"; };
		A0AD06451CBB8AD800F87734 /* Quadrangle.cpp */ = {isa = PBXFileReference; fileEncoding = 4; lastKnownFileType = sourcecode.cpp.cpp; path = Quadrangle.cpp; sourceTree = "<group>"; };
		A0AD06461CBB8AD800F87734 /* Quadrangle.hpp */ = {isa = PBXFileReference; fileEncoding = 4; lastKnownFileType = sourcecode.cpp.h; path = Quadrangle.hpp; sourceTree = "<group>"; };
		A0CF8F8E1CB690C8001F1AB3 /* RayTracer */ = {isa = PBXFileReference; explicitFileType = "compiled.mach-o.executable"; includeInIndex = 0; path = RayTracer; sourceTree = BUILT_PRODUCTS_DIR; };
		A0CF8F911CB690C8001F1AB3 /* main.cpp */ = {isa = PBXFileReference; lastKnownFileType = sourcecode.cpp.cpp; path = main.cpp; sourceTree = "<group>"; };
		A0CF8F981CB690EA001F1AB3 /* Point3D.hpp */ = {isa = PBXFileReference; fileEncoding = 4; lastKnownFileType = sourcecode.cpp.h; path = Point3D.hpp; sourceTree = "<group>"; };
		A0CF8F991CB690EA001F1AB3 /* Point3D.cpp */ = {isa = PBXFileReference; fileEncoding = 4; lastKnownFileType = sourcecode.cpp.cpp; path = Point3D.cpp; sourceTree = "<group>"; };
		A0CF8F9B1CB691AA001F1AB3 /* libcairo.2.dylib */ = {isa = PBXFileReference; lastKnownFileType = "compiled.mach-o.dylib"; name = libcairo.2.dylib; path = ../../../../../sw/lib/libcairo.2.dylib; sourceTree = "<group>"; };
		A0CF8F9F1CB69285001F1AB3 /* image.png */ = {isa = PBXFileReference; lastKnownFileType = image.png; name = image.png; path = "../../../Library/Developer/Xcode/DerivedData/RayTracer-eumucvdvscjabdevzzjiqvdctqey/Build/Products/Debug/image.png"; sourceTree = "<group>"; };
/* End PBXFileReference section */

/* Begin PBXFrameworksBuildPhase section */
		A0CF8F8B1CB690C8001F1AB3 /* Frameworks */ = {
			isa = PBXFrameworksBuildPhase;
			buildActionMask = 2147483647;
			files = (
				A0CF8F9C1CB691AA001F1AB3 /* libcairo.2.dylib in Frameworks */,
			);
			runOnlyForDeploymentPostprocessing = 0;
		};
/* End PBXFrameworksBuildPhase section */

/* Begin PBXGroup section */
		A003B1DF1CB7A89600C0030F /* Color */ = {
			isa = PBXGroup;
			children = (
				A003B1DD1CB7A82B00C0030F /* Color.hpp */,
				A003B1DB1CB7A11A00C0030F /* RGB.hpp */,
				A003B1DA1CB7A11A00C0030F /* RGB.cpp */,
				A003B1E21CB7A92E00C0030F /* XYZ.hpp */,
				A003B1E11CB7A92E00C0030F /* XYZ.cpp */,
				A003B1E51CB7B8A400C0030F /* LAB.hpp */,
				A003B1E41CB7B8A400C0030F /* LAB.cpp */,
			);
			name = Color;
			sourceTree = "<group>";
		};
		A003B1E01CB7A8F000C0030F /* Geometry */ = {
			isa = PBXGroup;
			children = (
				A0CF8F981CB690EA001F1AB3 /* Point3D.hpp */,
				A0CF8F991CB690EA001F1AB3 /* Point3D.cpp */,
				A0319BE41CC41C2200EBC310 /* Ray.hpp */,
				A0319BE31CC41C2200EBC310 /* Ray.cpp */,
				A003B1D41CB6EB7900C0030F /* Plane.hpp */,
				A003B1D31CB6EB7900C0030F /* Plane.cpp */,
			);
			name = Geometry;
			sourceTree = "<group>";
		};
		A0319BDE1CC3E8A100EBC310 /* KD */ = {
			isa = PBXGroup;
			children = (
				A0319BDC1CC3DFCB00EBC310 /* Box.hpp */,
				A0319BDB1CC3DFCB00EBC310 /* Box.cpp */,
				A0319BE01CC3E8CC00EBC310 /* KDTree.hpp */,
				A0319BDF1CC3E8CC00EBC310 /* KDTree.cpp */,
			);
			name = KD;
			sourceTree = "<group>";
		};
		A0319BE21CC41BC200EBC310 /* Polygons */ = {
			isa = PBXGroup;
			children = (
				A003B1CD1CB6D78E00C0030F /* IObject.hpp */,
				A003B1CE1CB6DA4E00C0030F /* IObject.cpp */,
				A003B1D11CB6DA8D00C0030F /* Triangle.hpp */,
				A003B1D01CB6DA8D00C0030F /* Triangle.cpp */,
				A003B1E81CB96A5E00C0030F /* Sphere.hpp */,
				A003B1E71CB96A5E00C0030F /* Sphere.cpp */,
				A0AD06461CBB8AD800F87734 /* Quadrangle.hpp */,
				A0AD06451CBB8AD800F87734 /* Quadrangle.cpp */,
			);
			name = Polygons;
			sourceTree = "<group>";
		};
		A0CF8F851CB690C8001F1AB3 = {
			isa = PBXGroup;
			children = (
				A0CF8F9B1CB691AA001F1AB3 /* libcairo.2.dylib */,
				A0CF8F901CB690C8001F1AB3 /* RayTracer */,
				A0CF8F8F1CB690C8001F1AB3 /* Products */,
				A003B1D61CB6FA6C00C0030F /* input.txt */,
				A0CF8F9F1CB69285001F1AB3 /* image.png */,
			);
			sourceTree = "<group>";
		};
		A0CF8F8F1CB690C8001F1AB3 /* Products */ = {
			isa = PBXGroup;
			children = (
				A0CF8F8E1CB690C8001F1AB3 /* RayTracer */,
			);
			name = Products;
			sourceTree = "<group>";
		};
		A0CF8F901CB690C8001F1AB3 /* RayTracer */ = {
			isa = PBXGroup;
			children = (
				A0CF8F911CB690C8001F1AB3 /* main.cpp */,
				A0319BDE1CC3E8A100EBC310 /* KD */,
				A0319BE21CC41BC200EBC310 /* Polygons */,
				A003B1E01CB7A8F000C0030F /* Geometry */,
				A003B1DF1CB7A89600C0030F /* Color */,
				A003B1D81CB79B5B00C0030F /* Sun.hpp */,
				A003B1D71CB79B5B00C0030F /* Sun.cpp */,
			);
			path = RayTracer;
			sourceTree = "<group>";
		};
/* End PBXGroup section */

/* Begin PBXNativeTarget section */
		A0CF8F8D1CB690C8001F1AB3 /* RayTracer */ = {
			isa = PBXNativeTarget;
			buildConfigurationList = A0CF8F951CB690C8001F1AB3 /* Build configuration list for PBXNativeTarget "RayTracer" */;
			buildPhases = (
				A0CF8F8A1CB690C8001F1AB3 /* Sources */,
				A0CF8F8B1CB690C8001F1AB3 /* Frameworks */,
				A0CF8F8C1CB690C8001F1AB3 /* CopyFiles */,
			);
			buildRules = (
			);
			dependencies = (
			);
			name = RayTracer;
			productName = RayTracer;
			productReference = A0CF8F8E1CB690C8001F1AB3 /* RayTracer */;
			productType = "com.apple.product-type.tool";
		};
/* End PBXNativeTarget section */

/* Begin PBXProject section */
		A0CF8F861CB690C8001F1AB3 /* Project object */ = {
			isa = PBXProject;
			attributes = {
				LastUpgradeCheck = 0730;
				ORGANIZATIONNAME = "Шишкин Евгений";
				TargetAttributes = {
					A0CF8F8D1CB690C8001F1AB3 = {
						CreatedOnToolsVersion = 7.3;
					};
				};
			};
			buildConfigurationList = A0CF8F891CB690C8001F1AB3 /* Build configuration list for PBXProject "RayTracer" */;
			compatibilityVersion = "Xcode 3.2";
			developmentRegion = English;
			hasScannedForEncodings = 0;
			knownRegions = (
				en,
			);
			mainGroup = A0CF8F851CB690C8001F1AB3;
			productRefGroup = A0CF8F8F1CB690C8001F1AB3 /* Products */;
			projectDirPath = "";
			projectRoot = "";
			targets = (
				A0CF8F8D1CB690C8001F1AB3 /* RayTracer */,
			);
		};
/* End PBXProject section */

/* Begin PBXSourcesBuildPhase section */
		A0CF8F8A1CB690C8001F1AB3 /* Sources */ = {
			isa = PBXSourcesBuildPhase;
			buildActionMask = 2147483647;
			files = (
				A003B1DC1CB7A11A00C0030F /* RGB.cpp in Sources */,
				A003B1D91CB79B5B00C0030F /* Sun.cpp in Sources */,
				A0CF8F921CB690C8001F1AB3 /* main.cpp in Sources */,
				A003B1E61CB7B8A400C0030F /* LAB.cpp in Sources */,
				A0319BE51CC41C2200EBC310 /* Ray.cpp in Sources */,
				A003B1E31CB7A92E00C0030F /* XYZ.cpp in Sources */,
				A0CF8F9A1CB690EA001F1AB3 /* Point3D.cpp in Sources */,
				A003B1D51CB6EB7900C0030F /* Plane.cpp in Sources */,
				A0AD06471CBB8AD800F87734 /* Quadrangle.cpp in Sources */,
				A003B1CF1CB6DA4E00C0030F /* IObject.cpp in Sources */,
				A0319BDD1CC3DFCB00EBC310 /* Box.cpp in Sources */,
				A0319BE11CC3E8CC00EBC310 /* KDTree.cpp in Sources */,
				A003B1E91CB96A5E00C0030F /* Sphere.cpp in Sources */,
				A003B1D21CB6DA8D00C0030F /* Triangle.cpp in Sources */,
			);
			runOnlyForDeploymentPostprocessing = 0;
		};
/* End PBXSourcesBuildPhase section */

/* Begin XCBuildConfiguration section */
		A0CF8F931CB690C8001F1AB3 /* Debug */ = {
			isa = XCBuildConfiguration;
			buildSettings = {
				ALWAYS_SEARCH_USER_PATHS = NO;
				CLANG_ANALYZER_NONNULL = YES;
				CLANG_CXX_LANGUAGE_STANDARD = "gnu++0x";
				CLANG_CXX_LIBRARY = "libc++";
				CLANG_ENABLE_MODULES = YES;
				CLANG_ENABLE_OBJC_ARC = YES;
				CLANG_WARN_BOOL_CONVERSION = YES;
				CLANG_WARN_CONSTANT_CONVERSION = YES;
				CLANG_WARN_DIRECT_OBJC_ISA_USAGE = YES_ERROR;
				CLANG_WARN_EMPTY_BODY = YES;
				CLANG_WARN_ENUM_CONVERSION = YES;
				CLANG_WARN_INT_CONVERSION = YES;
				CLANG_WARN_OBJC_ROOT_CLASS = YES_ERROR;
				CLANG_WARN_UNREACHABLE_CODE = YES;
				CLANG_WARN__DUPLICATE_METHOD_MATCH = YES;
				CODE_SIGN_IDENTITY = "-";
				COPY_PHASE_STRIP = NO;
				DEBUG_INFORMATION_FORMAT = dwarf;
				ENABLE_STRICT_OBJC_MSGSEND = YES;
				ENABLE_TESTABILITY = YES;
				GCC_C_LANGUAGE_STANDARD = gnu99;
				GCC_DYNAMIC_NO_PIC = NO;
				GCC_NO_COMMON_BLOCKS = YES;
				GCC_OPTIMIZATION_LEVEL = 0;
				GCC_PREPROCESSOR_DEFINITIONS = (
					"DEBUG=1",
					"$(inherited)",
				);
				GCC_WARN_64_TO_32_BIT_CONVERSION = YES;
				GCC_WARN_ABOUT_RETURN_TYPE = YES_ERROR;
				GCC_WARN_UNDECLARED_SELECTOR = YES;
				GCC_WARN_UNINITIALIZED_AUTOS = YES_AGGRESSIVE;
				GCC_WARN_UNUSED_FUNCTION = YES;
				GCC_WARN_UNUSED_VARIABLE = YES;
				MACOSX_DEPLOYMENT_TARGET = 10.11;
				MTL_ENABLE_DEBUG_INFO = YES;
				ONLY_ACTIVE_ARCH = YES;
				SDKROOT = macosx;
			};
			name = Debug;
		};
		A0CF8F941CB690C8001F1AB3 /* Release */ = {
			isa = XCBuildConfiguration;
			buildSettings = {
				ALWAYS_SEARCH_USER_PATHS = NO;
				CLANG_ANALYZER_NONNULL = YES;
				CLANG_CXX_LANGUAGE_STANDARD = "gnu++0x";
				CLANG_CXX_LIBRARY = "libc++";
				CLANG_ENABLE_MODULES = YES;
				CLANG_ENABLE_OBJC_ARC = YES;
				CLANG_WARN_BOOL_CONVERSION = YES;
				CLANG_WARN_CONSTANT_CONVERSION = YES;
				CLANG_WARN_DIRECT_OBJC_ISA_USAGE = YES_ERROR;
				CLANG_WARN_EMPTY_BODY = YES;
				CLANG_WARN_ENUM_CONVERSION = YES;
				CLANG_WARN_INT_CONVERSION = YES;
				CLANG_WARN_OBJC_ROOT_CLASS = YES_ERROR;
				CLANG_WARN_UNREACHABLE_CODE = YES;
				CLANG_WARN__DUPLICATE_METHOD_MATCH = YES;
				CODE_SIGN_IDENTITY = "-";
				COPY_PHASE_STRIP = NO;
				DEBUG_INFORMATION_FORMAT = "dwarf-with-dsym";
				ENABLE_NS_ASSERTIONS = NO;
				ENABLE_STRICT_OBJC_MSGSEND = YES;
				GCC_C_LANGUAGE_STANDARD = gnu99;
				GCC_NO_COMMON_BLOCKS = YES;
				GCC_WARN_64_TO_32_BIT_CONVERSION = YES;
				GCC_WARN_ABOUT_RETURN_TYPE = YES_ERROR;
				GCC_WARN_UNDECLARED_SELECTOR = YES;
				GCC_WARN_UNINITIALIZED_AUTOS = YES_AGGRESSIVE;
				GCC_WARN_UNUSED_FUNCTION = YES;
				GCC_WARN_UNUSED_VARIABLE = YES;
				MACOSX_DEPLOYMENT_TARGET = 10.11;
				MTL_ENABLE_DEBUG_INFO = NO;
				SDKROOT = macosx;
			};
			name = Release;
		};
		A0CF8F961CB690C8001F1AB3 /* Debug */ = {
			isa = XCBuildConfiguration;
			buildSettings = {
				LIBRARY_SEARCH_PATHS = /sw/lib/;
				PRODUCT_NAME = "$(TARGET_NAME)";
			};
			name = Debug;
		};
		A0CF8F971CB690C8001F1AB3 /* Release */ = {
			isa = XCBuildConfiguration;
			buildSettings = {
				LIBRARY_SEARCH_PATHS = /sw/lib/;
				PRODUCT_NAME = "$(TARGET_NAME)";
			};
			name = Release;
		};
/* End XCBuildConfiguration section */

/* Begin XCConfigurationList section */
		A0CF8F891CB690C8001F1AB3 /* Build configuration list for PBXProject "RayTracer" */ = {
			isa = XCConfigurationList;
			buildConfigurations = (
				A0CF8F931CB690C8001F1AB3 /* Debug */,
				A0CF8F941CB690C8001F1AB3 /* Release */,
			);
			defaultConfigurationIsVisible = 0;
			defaultConfigurationName = Release;
		};
		A0CF8F951CB690C8001F1AB3 /* Build configuration list for PBXNativeTarget "RayTracer" */ = {
			isa = XCConfigurationList;
			buildConfigurations = (
				A0CF8F961CB690C8001F1AB3 /* Debug */,
				A0CF8F971CB690C8001F1AB3 /* Release */,
			);
			defaultConfigurationIsVisible = 0;
			defaultConfigurationName = Release;
		};
/* End XCConfigurationList section */
	};
	rootObject = A0CF8F861CB690C8001F1AB3 /* Project object */;
}
